
Microsoft Visual Studio Solution File, Format Version 12.00
# Visual Studio Version 17
VisualStudioVersion = 17.3.32825.248
MinimumVisualStudioVersion = 10.0.40219.1
Project("{FAE04EC0-301F-11D3-BF4B-00C04F79EFBC}") = "TestProject", "TestProject\TestProject.csproj", "{9636408F-8DB1-469E-A9E8-18038B9CE6C7}"
EndProject
Project("{FAE04EC0-301F-11D3-BF4B-00C04F79EFBC}") = "ClassLibrary1", "ClassLibrary1\ClassLibrary1.csproj", "{5B5658E7-8D3B-42C3-8873-D4C6E211F694}"
EndProject
Global
	GlobalSection(SolutionConfigurationPlatforms) = preSolution
		Debug|Any CPU = Debug|Any CPU
		Release|Any CPU = Release|Any CPU
	EndGlobalSection
	GlobalSection(ProjectConfigurationPlatforms) = postSolution
		{9636408F-8DB1-469E-A9E8-18038B9CE6C7}.Debug|Any CPU.ActiveCfg = Debug|Any CPU
		{9636408F-8DB1-469E-A9E8-18038B9CE6C7}.Debug|Any CPU.Build.0 = Debug|Any CPU
		{9636408F-8DB1-469E-A9E8-18038B9CE6C7}.Release|Any CPU.ActiveCfg = Release|Any CPU
		{9636408F-8DB1-469E-A9E8-18038B9CE6C7}.Release|Any CPU.Build.0 = Release|Any CPU
		{5B5658E7-8D3B-42C3-8873-D4C6E211F694}.Debug|Any CPU.ActiveCfg = Debug|Any CPU
		{5B5658E7-8D3B-42C3-8873-D4C6E211F694}.Debug|Any CPU.Build.0 = Debug|Any CPU
		{5B5658E7-8D3B-42C3-8873-D4C6E211F694}.Release|Any CPU.ActiveCfg = Release|Any CPU
		{5B5658E7-8D3B-42C3-8873-D4C6E211F694}.Release|Any CPU.Build.0 = Release|Any CPU
	EndGlobalSection
	GlobalSection(SolutionProperties) = preSolution
		HideSolutionNode = FALSE
	EndGlobalSection
	GlobalSection(ExtensibilityGlobals) = postSolution
		SolutionGuid = {DF4E0AA0-6D81-45B2-B5B2-50035E8C74FC}
	EndGlobalSection
EndGlobal
